
Microsoft Visual Studio Solution File, Format Version 12.00
# Visual Studio Version 17
VisualStudioVersion = 17.0.31710.8
MinimumVisualStudioVersion = 10.0.40219.1
Project("{9092AA53-FB77-4645-B42D-1CCCA6BD08BD}") = "ALOS.Module.Core", "src\modules\Core\ALOS.Module.Core\ALOS.Module.Core.njsproj", "{D22541D8-329D-43CA-911E-005CC8B85DCF}"
EndProject
Project("{9092AA53-FB77-4645-B42D-1CCCA6BD08BD}") = "ALOS.Module.Financial", "src\modules\Financial\ALOS.Module.Financial\ALOS.Module.Financial.njsproj", "{F6390400-2A96-4B87-B5F5-24FBF3D8F258}"
EndProject
Project("{9092AA53-FB77-4645-B42D-1CCCA6BD08BD}") = "ALOS.Module.ServiceDesk", "src\modules\ServiceDesk\ALOS.Module.ServiceDesk\ALOS.Module.ServiceDesk.njsproj", "{CE69E266-4265-4220-A692-0C2DE87F5CAE}"
EndProject
Global
	GlobalSection(SolutionConfigurationPlatforms) = preSolution
		Debug|Any CPU = Debug|Any CPU
		Release|Any CPU = Release|Any CPU
	EndGlobalSection
	GlobalSection(ProjectConfigurationPlatforms) = postSolution
		{D22541D8-329D-43CA-911E-005CC8B85DCF}.Debug|Any CPU.ActiveCfg = Debug|Any CPU
		{D22541D8-329D-43CA-911E-005CC8B85DCF}.Debug|Any CPU.Build.0 = Debug|Any CPU
		{D22541D8-329D-43CA-911E-005CC8B85DCF}.Release|Any CPU.ActiveCfg = Release|Any CPU
		{D22541D8-329D-43CA-911E-005CC8B85DCF}.Release|Any CPU.Build.0 = Release|Any CPU
		{F6390400-2A96-4B87-B5F5-24FBF3D8F258}.Debug|Any CPU.ActiveCfg = Debug|Any CPU
		{F6390400-2A96-4B87-B5F5-24FBF3D8F258}.Debug|Any CPU.Build.0 = Debug|Any CPU
		{F6390400-2A96-4B87-B5F5-24FBF3D8F258}.Release|Any CPU.ActiveCfg = Release|Any CPU
		{F6390400-2A96-4B87-B5F5-24FBF3D8F258}.Release|Any CPU.Build.0 = Release|Any CPU
		{CE69E266-4265-4220-A692-0C2DE87F5CAE}.Debug|Any CPU.ActiveCfg = Debug|Any CPU
		{CE69E266-4265-4220-A692-0C2DE87F5CAE}.Debug|Any CPU.Build.0 = Debug|Any CPU
		{CE69E266-4265-4220-A692-0C2DE87F5CAE}.Release|Any CPU.ActiveCfg = Release|Any CPU
		{CE69E266-4265-4220-A692-0C2DE87F5CAE}.Release|Any CPU.Build.0 = Release|Any CPU
	EndGlobalSection
	GlobalSection(SolutionProperties) = preSolution
		HideSolutionNode = FALSE
	EndGlobalSection
	GlobalSection(ExtensibilityGlobals) = postSolution
		SolutionGuid = {54B9639C-199C-40D4-8D35-FF4045BF0D87}
	EndGlobalSection
EndGlobal
