
Microsoft Visual Studio Solution File, Format Version 12.00
# Visual Studio Version 17
VisualStudioVersion = 17.0.31710.8
MinimumVisualStudioVersion = 10.0.40219.1
Project("{9092AA53-FB77-4645-B42D-1CCCA6BD08BD}") = "Node.API", "src\Node.API\Node.API.njsproj", "{0D2B47CE-4543-43AB-8C2A-38BB9E7FF372}"
EndProject
Global
	GlobalSection(SolutionConfigurationPlatforms) = preSolution
		Debug|Any CPU = Debug|Any CPU
		Release|Any CPU = Release|Any CPU
	EndGlobalSection
	GlobalSection(ProjectConfigurationPlatforms) = postSolution
		{0D2B47CE-4543-43AB-8C2A-38BB9E7FF372}.Debug|Any CPU.ActiveCfg = Debug|Any CPU
		{0D2B47CE-4543-43AB-8C2A-38BB9E7FF372}.Debug|Any CPU.Build.0 = Debug|Any CPU
		{0D2B47CE-4543-43AB-8C2A-38BB9E7FF372}.Release|Any CPU.ActiveCfg = Release|Any CPU
		{0D2B47CE-4543-43AB-8C2A-38BB9E7FF372}.Release|Any CPU.Build.0 = Release|Any CPU
	EndGlobalSection
	GlobalSection(SolutionProperties) = preSolution
		HideSolutionNode = FALSE
	EndGlobalSection
	GlobalSection(ExtensibilityGlobals) = postSolution
		SolutionGuid = {81AE6F58-D5AC-406F-BCFA-B975C97B4617}
	EndGlobalSection
EndGlobal
